
Microsoft Visual Studio Solution File, Format Version 12.00
# Visual Studio Version 16
VisualStudioVersion = 16.0.29418.71
MinimumVisualStudioVersion = 10.0.40219.1
Project("{9A19103F-16F7-4668-BE54-9A1E7A4F7556}") = "SampleLibrary.Domain", "src\SampleLibrary.Domain\SampleLibrary.Domain.csproj", "{4A4F6FC9-FD5A-4786-859B-54A5348F8096}"
EndProject
Project("{9A19103F-16F7-4668-BE54-9A1E7A4F7556}") = "SampleLibrary.Infra.Data", "src\SampleLibrary.Infra.Data\SampleLibrary.Infra.Data.csproj", "{5DC5FF72-3CCE-494C-BCD5-2F8767B23BF8}"
EndProject
Project("{9A19103F-16F7-4668-BE54-9A1E7A4F7556}") = "SampleLibrary.Core", "SampleLibrary.Core\SampleLibrary.Core.csproj", "{E3A9C291-E0BF-4AF2-883E-226C19E4E070}"
EndProject
Project("{9A19103F-16F7-4668-BE54-9A1E7A4F7556}") = "SampleLibrary.Application", "src\SampleLibrary.Application\SampleLibrary.Application.csproj", "{34E7377B-7AC0-484B-8B97-34D04EEBCFA3}"
EndProject
Project("{2150E333-8FDC-42A3-9474-1A3956D46DE8}") = "Tests", "Tests", "{2CEE976F-9A4C-42FA-83F9-CE4EB293BF46}"
EndProject
Project("{9A19103F-16F7-4668-BE54-9A1E7A4F7556}") = "SampleLibrary.Domain.Tests", "tests\SampleLibrary.Domain.Tests\SampleLibrary.Domain.Tests.csproj", "{4148A64D-E733-4E9E-ACFB-AA9018DD91B7}"
EndProject
Project("{9A19103F-16F7-4668-BE54-9A1E7A4F7556}") = "SampleLibrary.Application.Tests", "tests\SampleLibrary.Application.Tests\SampleLibrary.Application.Tests.csproj", "{722D7701-4935-4DC4-89AD-4E08B06E6747}"
EndProject
Project("{9A19103F-16F7-4668-BE54-9A1E7A4F7556}") = "SampleLibrary.IoC", "src\SampleLibrary.IoC\SampleLibrary.IoC.csproj", "{03B003DD-40EB-4C60-902D-C8F7E1AFC9EB}"
EndProject
Project("{FAE04EC0-301F-11D3-BF4B-00C04F79EFBC}") = "SampleLibrary.Api", "SampleLibrary.Api\SampleLibrary.Api.csproj", "{1C1252AC-2187-4F02-89EB-D229728F3950}"
EndProject
Global
	GlobalSection(SolutionConfigurationPlatforms) = preSolution
		Debug|Any CPU = Debug|Any CPU
		Release|Any CPU = Release|Any CPU
	EndGlobalSection
	GlobalSection(ProjectConfigurationPlatforms) = postSolution
		{4A4F6FC9-FD5A-4786-859B-54A5348F8096}.Debug|Any CPU.ActiveCfg = Debug|Any CPU
		{4A4F6FC9-FD5A-4786-859B-54A5348F8096}.Debug|Any CPU.Build.0 = Debug|Any CPU
		{4A4F6FC9-FD5A-4786-859B-54A5348F8096}.Release|Any CPU.ActiveCfg = Release|Any CPU
		{4A4F6FC9-FD5A-4786-859B-54A5348F8096}.Release|Any CPU.Build.0 = Release|Any CPU
		{5DC5FF72-3CCE-494C-BCD5-2F8767B23BF8}.Debug|Any CPU.ActiveCfg = Debug|Any CPU
		{5DC5FF72-3CCE-494C-BCD5-2F8767B23BF8}.Debug|Any CPU.Build.0 = Debug|Any CPU
		{5DC5FF72-3CCE-494C-BCD5-2F8767B23BF8}.Release|Any CPU.ActiveCfg = Release|Any CPU
		{5DC5FF72-3CCE-494C-BCD5-2F8767B23BF8}.Release|Any CPU.Build.0 = Release|Any CPU
		{E3A9C291-E0BF-4AF2-883E-226C19E4E070}.Debug|Any CPU.ActiveCfg = Debug|Any CPU
		{E3A9C291-E0BF-4AF2-883E-226C19E4E070}.Debug|Any CPU.Build.0 = Debug|Any CPU
		{E3A9C291-E0BF-4AF2-883E-226C19E4E070}.Release|Any CPU.ActiveCfg = Release|Any CPU
		{E3A9C291-E0BF-4AF2-883E-226C19E4E070}.Release|Any CPU.Build.0 = Release|Any CPU
		{34E7377B-7AC0-484B-8B97-34D04EEBCFA3}.Debug|Any CPU.ActiveCfg = Debug|Any CPU
		{34E7377B-7AC0-484B-8B97-34D04EEBCFA3}.Debug|Any CPU.Build.0 = Debug|Any CPU
		{34E7377B-7AC0-484B-8B97-34D04EEBCFA3}.Release|Any CPU.ActiveCfg = Release|Any CPU
		{34E7377B-7AC0-484B-8B97-34D04EEBCFA3}.Release|Any CPU.Build.0 = Release|Any CPU
		{4148A64D-E733-4E9E-ACFB-AA9018DD91B7}.Debug|Any CPU.ActiveCfg = Debug|Any CPU
		{4148A64D-E733-4E9E-ACFB-AA9018DD91B7}.Debug|Any CPU.Build.0 = Debug|Any CPU
		{4148A64D-E733-4E9E-ACFB-AA9018DD91B7}.Release|Any CPU.ActiveCfg = Release|Any CPU
		{4148A64D-E733-4E9E-ACFB-AA9018DD91B7}.Release|Any CPU.Build.0 = Release|Any CPU
		{722D7701-4935-4DC4-89AD-4E08B06E6747}.Debug|Any CPU.ActiveCfg = Debug|Any CPU
		{722D7701-4935-4DC4-89AD-4E08B06E6747}.Debug|Any CPU.Build.0 = Debug|Any CPU
		{722D7701-4935-4DC4-89AD-4E08B06E6747}.Release|Any CPU.ActiveCfg = Release|Any CPU
		{722D7701-4935-4DC4-89AD-4E08B06E6747}.Release|Any CPU.Build.0 = Release|Any CPU
		{03B003DD-40EB-4C60-902D-C8F7E1AFC9EB}.Debug|Any CPU.ActiveCfg = Debug|Any CPU
		{03B003DD-40EB-4C60-902D-C8F7E1AFC9EB}.Debug|Any CPU.Build.0 = Debug|Any CPU
		{03B003DD-40EB-4C60-902D-C8F7E1AFC9EB}.Release|Any CPU.ActiveCfg = Release|Any CPU
		{03B003DD-40EB-4C60-902D-C8F7E1AFC9EB}.Release|Any CPU.Build.0 = Release|Any CPU
		{1C1252AC-2187-4F02-89EB-D229728F3950}.Debug|Any CPU.ActiveCfg = Debug|Any CPU
		{1C1252AC-2187-4F02-89EB-D229728F3950}.Debug|Any CPU.Build.0 = Debug|Any CPU
		{1C1252AC-2187-4F02-89EB-D229728F3950}.Release|Any CPU.ActiveCfg = Release|Any CPU
		{1C1252AC-2187-4F02-89EB-D229728F3950}.Release|Any CPU.Build.0 = Release|Any CPU
	EndGlobalSection
	GlobalSection(SolutionProperties) = preSolution
		HideSolutionNode = FALSE
	EndGlobalSection
	GlobalSection(NestedProjects) = preSolution
		{4148A64D-E733-4E9E-ACFB-AA9018DD91B7} = {2CEE976F-9A4C-42FA-83F9-CE4EB293BF46}
		{722D7701-4935-4DC4-89AD-4E08B06E6747} = {2CEE976F-9A4C-42FA-83F9-CE4EB293BF46}
	EndGlobalSection
	GlobalSection(ExtensibilityGlobals) = postSolution
		SolutionGuid = {35044264-4F10-4151-935C-90DEDCAAD4B8}
	EndGlobalSection
EndGlobal
